
Microsoft Visual Studio Solution File, Format Version 12.00
# Visual Studio Version 16
VisualStudioVersion = 16.0.31005.135
MinimumVisualStudioVersion = 10.0.40219.1
Project("{FAE04EC0-301F-11D3-BF4B-00C04F79EFBC}") = "Payroll", "Payroll\Payroll.csproj", "{B5675BC4-BEE2-4B74-8136-04A308B88423}"
EndProject
Project("{54435603-DBB4-11D2-8724-00A0C9A8B90C}") = "Setup", "Setup\Setup.vdproj", "{92CD01AC-A3E7-449C-9DAC-9D20A882078F}"
EndProject
Global
	GlobalSection(SolutionConfigurationPlatforms) = preSolution
		Debug|Any CPU = Debug|Any CPU
		Release|Any CPU = Release|Any CPU
	EndGlobalSection
	GlobalSection(ProjectConfigurationPlatforms) = postSolution
		{B5675BC4-BEE2-4B74-8136-04A308B88423}.Debug|Any CPU.ActiveCfg = Debug|Any CPU
		{B5675BC4-BEE2-4B74-8136-04A308B88423}.Debug|Any CPU.Build.0 = Debug|Any CPU
		{B5675BC4-BEE2-4B74-8136-04A308B88423}.Release|Any CPU.ActiveCfg = Release|Any CPU
		{B5675BC4-BEE2-4B74-8136-04A308B88423}.Release|Any CPU.Build.0 = Release|Any CPU
		{92CD01AC-A3E7-449C-9DAC-9D20A882078F}.Debug|Any CPU.ActiveCfg = Debug
		{92CD01AC-A3E7-449C-9DAC-9D20A882078F}.Release|Any CPU.ActiveCfg = Release
	EndGlobalSection
	GlobalSection(SolutionProperties) = preSolution
		HideSolutionNode = FALSE
	EndGlobalSection
	GlobalSection(ExtensibilityGlobals) = postSolution
		SolutionGuid = {582F3E1A-64AE-4D31-9530-E17B23FD6B08}
	EndGlobalSection
EndGlobal
